{
  "name": "5.5",
  "lockfileVersion": 3,
  "requires": true,
  "packages": {
    "": {
      "dependencies": {
        "types-registry": "^0.1.698"
      }
    },
    "node_modules/types-registry": {
      "version": "0.1.698",
      "resolved": "https://registry.npmjs.org/types-registry/-/types-registry-0.1.698.tgz",
      "integrity": "sha512-ZchaFewG8qLXwW9LSIRvF/9gTQEibv34tfBwhOyf852SArx+DpQp5NLbh2oOKbOpO/HkI8Qms/PtsmciC4i/oA==",
      "license": "MIT"
    }
  }
}
